
Microsoft Visual Studio Solution File, Format Version 12.00
# Visual Studio 15
VisualStudioVersion = 15.0.27703.2047
MinimumVisualStudioVersion = 10.0.40219.1
Project("{FAE04EC0-301F-11D3-BF4B-00C04F79EFBC}") = "WAREHOUSE LOCATOR", "WAREHOUSE LOCATOR\WAREHOUSE LOCATOR.csproj", "{B733C131-34C1-4979-ADD9-FD23A75D0227}"
EndProject
Global
	GlobalSection(SolutionConfigurationPlatforms) = preSolution
		Debug|Any CPU = Debug|Any CPU
		Release|Any CPU = Release|Any CPU
	EndGlobalSection
	GlobalSection(ProjectConfigurationPlatforms) = postSolution
		{B733C131-34C1-4979-ADD9-FD23A75D0227}.Debug|Any CPU.ActiveCfg = Debug|Any CPU
		{B733C131-34C1-4979-ADD9-FD23A75D0227}.Debug|Any CPU.Build.0 = Debug|Any CPU
		{B733C131-34C1-4979-ADD9-FD23A75D0227}.Release|Any CPU.ActiveCfg = Release|Any CPU
		{B733C131-34C1-4979-ADD9-FD23A75D0227}.Release|Any CPU.Build.0 = Release|Any CPU
	EndGlobalSection
	GlobalSection(SolutionProperties) = preSolution
		HideSolutionNode = FALSE
	EndGlobalSection
	GlobalSection(ExtensibilityGlobals) = postSolution
		SolutionGuid = {7F271829-763C-4F54-A85C-F2D9D6F42A65}
	EndGlobalSection
EndGlobal
